{
  "name": "packages",
  "lockfileVersion": 3,
  "requires": true,
  "packages": {
    "": {
      "dependencies": {
        "@prisma/client": "^6.15.0"
      }
    },
    "node_modules/@prisma/client": {
      "version": "6.15.0",
      "resolved": "https://registry.npmjs.org/@prisma/client/-/client-6.15.0.tgz",
      "integrity": "sha512-wR2LXUbOH4cL/WToatI/Y2c7uzni76oNFND7+23ypLllBmIS8e3ZHhO+nud9iXSXKFt1SoM3fTZvHawg63emZw==",
      "hasInstallScript": true,
      "license": "Apache-2.0",
      "engines": {
        "node": ">=18.18"
      },
      "peerDependencies": {
        "prisma": "*",
        "typescript": ">=5.1.0"
      },
      "peerDependenciesMeta": {
        "prisma": {
          "optional": true
        },
        "typescript": {
          "optional": true
        }
      }
    }
  }
}
